// !$*UTF8*$!
{
	archiveVersion = 1;
	classes = {
	};
	objectVersion = 46;
	objects = {

/* Begin PBXBuildFile section */
		CDF5D4311BDA0C5B00E0B008 /* AppDelegate.swift in Sources */ = {isa = PBXBuildFile; fileRef = CDF5D4301BDA0C5B00E0B008 /* AppDelegate.swift */; };
		CDF5D4331BDA0C5B00E0B008 /* ViewController.swift in Sources */ = {isa = PBXBuildFile; fileRef = CDF5D4321BDA0C5B00E0B008 /* ViewController.swift */; };
		CDF5D4361BDA0C5B00E0B008 /* Main.storyboard in Resources */ = {isa = PBXBuildFile; fileRef = CDF5D4341BDA0C5B00E0B008 /* Main.storyboard */; };
		CDF5D4381BDA0C5B00E0B008 /* Assets.xcassets in Resources */ = {isa = PBXBuildFile; fileRef = CDF5D4371BDA0C5B00E0B008 /* Assets.xcassets */; };
		CDF5D43B1BDA0C5B00E0B008 /* LaunchScreen.storyboard in Resources */ = {isa = PBXBuildFile; fileRef = CDF5D4391BDA0C5B00E0B008 /* LaunchScreen.storyboard */; };
/* End PBXBuildFile section */

/* Begin PBXFileReference section */
		CDF5D42D1BDA0C5B00E0B008 /* SuperCoolio.app */ = {isa = PBXFileReference; explicitFileType = wrapper.application; includeInIndex = 0; path = SuperCoolio.app; sourceTree = BUILT_PRODUCTS_DIR; };
		CDF5D4301BDA0C5B00E0B008 /* AppDelegate.swift */ = {isa = PBXFileReference; lastKnownFileType = sourcecode.swift; path = AppDelegate.swift; sourceTree = "<group>"; };
		CDF5D4321BDA0C5B00E0B008 /* ViewController.swift */ = {isa = PBXFileReference; lastKnownFileType = sourcecode.swift; path = ViewController.swift; sourceTree = "<group>"; };
		CDF5D4351BDA0C5B00E0B008 /* Base */ = {isa = PBXFileReference; lastKnownFileType = file.storyboard; name = Base; path = Base.lproj/Main.storyboard; sourceTree = "<group>"; };
		CDF5D4371BDA0C5B00E0B008 /* Assets.xcassets */ = {isa = PBXFileReference; lastKnownFileType = folder.assetcatalog; path = Assets.xcassets; sourceTree = "<group>"; };
		CDF5D43A1BDA0C5B00E0B008 /* Base */ = {isa = PBXFileReference; lastKnownFileType = file.storyboard; name = Base; path = Base.lproj/LaunchScreen.storyboard; sourceTree = "<group>"; };
		CDF5D43C1BDA0C5B00E0B008 /* Info.plist */ = {isa = PBXFileReference; lastKnownFileType = text.plist.xml; path = Info.plist; sourceTree = "<group>"; };
/* End PBXFileReference section */

/* Begin PBXFrameworksBuildPhase section */
		CDF5D42A1BDA0C5B00E0B008 /* Frameworks */ = {
			isa = PBXFrameworksBuildPhase;
			buildActionMask = 2147483647;
			files = (
			);
			runOnlyForDeploymentPostprocessing = 0;
		};
/* End PBXFrameworksBuildPhase section */

/* Begin PBXGroup section */
		CDF5D4241BDA0C5B00E0B008 = {
			isa = PBXGroup;
			children = (
				CDF5D42F1BDA0C5B00E0B008 /* SuperCoolio */,
				CDF5D42E1BDA0C5B00E0B008 /* Products */,
			);
			sourceTree = "<group>";
		};
		CDF5D42E1BDA0C5B00E0B008 /* Products */ = {
			isa = PBXGroup;
			children = (
				CDF5D42D1BDA0C5B00E0B008 /* SuperCoolio.app */,
			);
			name = Products;
			sourceTree = "<group>";
		};
		CDF5D42F1BDA0C5B00E0B008 /* SuperCoolio */ = {
			isa = PBXGroup;
			children = (
				CDF5D4301BDA0C5B00E0B008 /* AppDelegate.swift */,
				CDF5D4321BDA0C5B00E0B008 /* ViewController.swift */,
				CDF5D4341BDA0C5B00E0B008 /* Main.storyboard */,
				CDF5D4371BDA0C5B00E0B008 /* Assets.xcassets */,
				CDF5D4391BDA0C5B00E0B008 /* LaunchScreen.storyboard */,
				CDF5D43C1BDA0C5B00E0B008 /* Info.plist */,
			);
			path = SuperCoolio;
			sourceTree = "<group>";
		};
/* End PBXGroup section */

/* Begin PBXNativeTarget section */
		CDF5D42C1BDA0C5B00E0B008 /* SuperCoolio */ = {
			isa = PBXNativeTarget;
			buildConfigurationList = CDF5D43F1BDA0C5B00E0B008 /* Build configuration list for PBXNativeTarget "SuperCoolio" */;
			buildPhases = (
				CDF5D4291BDA0C5B00E0B008 /* Sources */,
				CDF5D42A1BDA0C5B00E0B008 /* Frameworks */,
				CDF5D42B1BDA0C5B00E0B008 /* Resources */,
			);
			buildRules = (
			);
			dependencies = (
			);
			name = SuperCoolio;
			productName = SuperCoolio;
			productReference = CDF5D42D1BDA0C5B00E0B008 /* SuperCoolio.app */;
			productType = "com.apple.product-type.application";
		};
/* End PBXNativeTarget section */

/* Begin PBXProject section */
		CDF5D4251BDA0C5B00E0B008 /* Project object */ = {
			isa = PBXProject;
			attributes = {
				LastSwiftUpdateCheck = 0710;
				LastUpgradeCheck = 0710;
				ORGANIZATIONNAME = "Roger Moeller";
				TargetAttributes = {
					CDF5D42C1BDA0C5B00E0B008 = {
						CreatedOnToolsVersion = 7.1;
					};
				};
			};
			buildConfigurationList = CDF5D4281BDA0C5B00E0B008 /* Build configuration list for PBXProject "SuperCoolio" */;
			compatibilityVersion = "Xcode 3.2";
			developmentRegion = English;
			hasScannedForEncodings = 0;
			knownRegions = (
				en,
				Base,
			);
			mainGroup = CDF5D4241BDA0C5B00E0B008;
			productRefGroup = CDF5D42E1BDA0C5B00E0B008 /* Products */;
			projectDirPath = "";
			projectRoot = "";
			targets = (
				CDF5D42C1BDA0C5B00E0B008 /* SuperCoolio */,
			);
		};
/* End PBXProject section */

/* Begin PBXResourcesBuildPhase section */
		CDF5D42B1BDA0C5B00E0B008 /* Resources */ = {
			isa = PBXResourcesBuildPhase;
			buildActionMask = 2147483647;
			files = (
				CDF5D43B1BDA0C5B00E0B008 /* LaunchScreen.storyboard in Resources */,
				CDF5D4381BDA0C5B00E0B008 /* Assets.xcassets in Resources */,
				CDF5D4361BDA0C5B00E0B008 /* Main.storyboard in Resources */,
			);
			runOnlyForDeploymentPostprocessing = 0;
		};
/* End PBXResourcesBuildPhase section */

/* Begin PBXSourcesBuildPhase section */
		CDF5D4291BDA0C5B00E0B008 /* Sources */ = {
			isa = PBXSourcesBuildPhase;
			buildActionMask = 2147483647;
			files = (
				CDF5D4331BDA0C5B00E0B008 /* ViewController.swift in Sources */,
				CDF5D4311BDA0C5B00E0B008 /* AppDelegate.swift in Sources */,
			);
			runOnlyForDeploymentPostprocessing = 0;
		};
/* End PBXSourcesBuildPhase section */

/* Begin PBXVariantGroup section */
		CDF5D4341BDA0C5B00E0B008 /* Main.storyboard */ = {
			isa = PBXVariantGroup;
			children = (
				CDF5D4351BDA0C5B00E0B008 /* Base */,
			);
			name = Main.storyboard;
			sourceTree = "<group>";
		};
		CDF5D4391BDA0C5B00E0B008 /* LaunchScreen.storyboard */ = {
			isa = PBXVariantGroup;
			children = (
				CDF5D43A1BDA0C5B00E0B008 /* Base */,
			);
			name = LaunchScreen.storyboard;
			sourceTree = "<group>";
		};
/* End PBXVariantGroup section */

/* Begin XCBuildConfiguration section */
		CDF5D43D1BDA0C5B00E0B008 /* Debug */ = {
			isa = XCBuildConfiguration;
			buildSettings = {
				ALWAYS_SEARCH_USER_PATHS = NO;
				CLANG_CXX_LANGUAGE_STANDARD = "gnu++0x";
				CLANG_CXX_LIBRARY = "libc++";
				CLANG_ENABLE_MODULES = YES;
				CLANG_ENABLE_OBJC_ARC = YES;
				CLANG_WARN_BOOL_CONVERSION = YES;
				CLANG_WARN_CONSTANT_CONVERSION = YES;
				CLANG_WARN_DIRECT_OBJC_ISA_USAGE = YES_ERROR;
				CLANG_WARN_EMPTY_BODY = YES;
				CLANG_WARN_ENUM_CONVERSION = YES;
				CLANG_WARN_INT_CONVERSION = YES;
				CLANG_WARN_OBJC_ROOT_CLASS = YES_ERROR;
				CLANG_WARN_UNREACHABLE_CODE = YES;
				CLANG_WARN__DUPLICATE_METHOD_MATCH = YES;
				"CODE_SIGN_IDENTITY[sdk=iphoneos*]" = "iPhone Developer";
				COPY_PHASE_STRIP = NO;
				DEBUG_INFORMATION_FORMAT = dwarf;
				ENABLE_STRICT_OBJC_MSGSEND = YES;
				ENABLE_TESTABILITY = YES;
				GCC_C_LANGUAGE_STANDARD = gnu99;
				GCC_DYNAMIC_NO_PIC = NO;
				GCC_NO_COMMON_BLOCKS = YES;
				GCC_OPTIMIZATION_LEVEL = 0;
				GCC_PREPROCESSOR_DEFINITIONS = (
					"DEBUG=1",
					"$(inherited)",
				);
				GCC_WARN_64_TO_32_BIT_CONVERSION = YES;
				GCC_WARN_ABOUT_RETURN_TYPE = YES_ERROR;
				GCC_WARN_UNDECLARED_SELECTOR = YES;
				GCC_WARN_UNINITIALIZED_AUTOS = YES_AGGRESSIVE;
				GCC_WARN_UNUSED_FUNCTION = YES;
				GCC_WARN_UNUSED_VARIABLE = YES;
				IPHONEOS_DEPLOYMENT_TARGET = 9.1;
				MTL_ENABLE_DEBUG_INFO = YES;
				ONLY_ACTIVE_ARCH = YES;
				SDKROOT = iphoneos;
				SWIFT_OPTIMIZATION_LEVEL = "-Onone";
			};
			name = Debug;
		};
		CDF5D43E1BDA0C5B00E0B008 /* Release */ = {
			isa = XCBuildConfiguration;
			buildSettings = {
				ALWAYS_SEARCH_USER_PATHS = NO;
				CLANG_CXX_LANGUAGE_STANDARD = "gnu++0x";
				CLANG_CXX_LIBRARY = "libc++";
				CLANG_ENABLE_MODULES = YES;
				CLANG_ENABLE_OBJC_ARC = YES;
				CLANG_WARN_BOOL_CONVERSION = YES;
				CLANG_WARN_CONSTANT_CONVERSION = YES;
				CLANG_WARN_DIRECT_OBJC_ISA_USAGE = YES_ERROR;
				CLANG_WARN_EMPTY_BODY = YES;
				CLANG_WARN_ENUM_CONVERSION = YES;
				CLANG_WARN_INT_CONVERSION = YES;
				CLANG_WARN_OBJC_ROOT_CLASS = YES_ERROR;
				CLANG_WARN_UNREACHABLE_CODE = YES;
				CLANG_WARN__DUPLICATE_METHOD_MATCH = YES;
				"CODE_SIGN_IDENTITY[sdk=iphoneos*]" = "iPhone Developer";
				COPY_PHASE_STRIP = NO;
				DEBUG_INFORMATION_FORMAT = "dwarf-with-dsym";
				ENABLE_NS_ASSERTIONS = NO;
				ENABLE_STRICT_OBJC_MSGSEND = YES;
				GCC_C_LANGUAGE_STANDARD = gnu99;
				GCC_NO_COMMON_BLOCKS = YES;
				GCC_WARN_64_TO_32_BIT_CONVERSION = YES;
				GCC_WARN_ABOUT_RETURN_TYPE = YES_ERROR;
				GCC_WARN_UNDECLARED_SELECTOR = YES;
				GCC_WARN_UNINITIALIZED_AUTOS = YES_AGGRESSIVE;
				GCC_WARN_UNUSED_FUNCTION = YES;
				GCC_WARN_UNUSED_VARIABLE = YES;
				IPHONEOS_DEPLOYMENT_TARGET = 9.1;
				MTL_ENABLE_DEBUG_INFO = NO;
				SDKROOT = iphoneos;
				VALIDATE_PRODUCT = YES;
			};
			name = Release;
		};
		CDF5D4401BDA0C5B00E0B008 /* Debug */ = {
			isa = XCBuildConfiguration;
			buildSettings = {
				ASSETCATALOG_COMPILER_APPICON_NAME = AppIcon;
				INFOPLIST_FILE = SuperCoolio/Info.plist;
				LD_RUNPATH_SEARCH_PATHS = "$(inherited) @executable_path/Frameworks";
				PRODUCT_BUNDLE_IDENTIFIER = com.devslopes.SuperCoolio;
				PRODUCT_NAME = "$(TARGET_NAME)";
			};
			name = Debug;
		};
		CDF5D4411BDA0C5B00E0B008 /* Release */ = {
			isa = XCBuildConfiguration;
			buildSettings = {
				ASSETCATALOG_COMPILER_APPICON_NAME = AppIcon;
				INFOPLIST_FILE = SuperCoolio/Info.plist;
				LD_RUNPATH_SEARCH_PATHS = "$(inherited) @executable_path/Frameworks";
				PRODUCT_BUNDLE_IDENTIFIER = com.devslopes.SuperCoolio;
				PRODUCT_NAME = "$(TARGET_NAME)";
			};
			name = Release;
		};
/* End XCBuildConfiguration section */

/* Begin XCConfigurationList section */
		CDF5D4281BDA0C5B00E0B008 /* Build configuration list for PBXProject "SuperCoolio" */ = {
			isa = XCConfigurationList;
			buildConfigurations = (
				CDF5D43D1BDA0C5B00E0B008 /* Debug */,
				CDF5D43E1BDA0C5B00E0B008 /* Release */,
			);
			defaultConfigurationIsVisible = 0;
			defaultConfigurationName = Release;
		};
		CDF5D43F1BDA0C5B00E0B008 /* Build configuration list for PBXNativeTarget "SuperCoolio" */ = {
			isa = XCConfigurationList;
			buildConfigurations = (
				CDF5D4401BDA0C5B00E0B008 /* Debug */,
				CDF5D4411BDA0C5B00E0B008 /* Release */,
			);
			defaultConfigurationIsVisible = 0;
		};
/* End XCConfigurationList section */
	};
	rootObject = CDF5D4251BDA0C5B00E0B008 /* Project object */;
}
